{
  "requires": true,
  "lockfileVersion": 1,
  "dependencies": {
    "gleb-palindrome": {
      "version": "0.1.0",
      "resolved": "https://registry.npmjs.org/gleb-palindrome/-/gleb-palindrome-0.1.0.tgz",
      "integrity": "sha512-eoO2TMHGM9zdkW7qddLHUYGqxMvJQ9+mie1G7/voO5Za6IMqlm9Ws/I+zHlh4oHHJnPThS65KFDOrAs0bZKepQ=="
    }
  }
}
